schema: '2.0'
stages:
  data_ingestion:
    cmd: python src/data_ingestion.py
    deps:
    - path: src/data_ingestion.py
      hash: md5
      md5: 13767197f8828e37b2ff6a6b8c1f3058
      size: 3420
    params:
      params.yaml:
        data_ingestion.test_size: 0.2
    outs:
    - path: data/raw
      hash: md5
      md5: 6da25522af145f3ec3c18ba867705e25.dir
      size: 5011326
      nfiles: 2
  data_preprocessing:
    cmd: python src/data_preprocessing.py
    deps:
    - path: data/raw
      hash: md5
      md5: 6da25522af145f3ec3c18ba867705e25.dir
      size: 5011326
      nfiles: 2
    - path: src/data_preprocessing.py
      hash: md5
      md5: 8948e629dfbdf9a48a92c70346b2b3aa
      size: 3200
    outs:
    - path: data/interm
      hash: md5
      md5: 8f1a2128a184ffc060bf631de789794c.dir
      size: 2841184
      nfiles: 2
  feature_engineering:
    cmd: python src/feature_engineering.py
    deps:
    - path: data/interm
      hash: md5
      md5: 8f1a2128a184ffc060bf631de789794c.dir
      size: 2841184
      nfiles: 2
    - path: src/feature_engineering.py
      hash: md5
      md5: 0d2e5410ee04c712e9bdf95b89b4ff28
      size: 3702
    params:
      params.yaml:
        feature_engineering.max_features: 55
    outs:
    - path: data/porcessed
      hash: md5
      md5: 91f837fe9f1f8e88822e8dc4d1cddff9.dir
      size: 13160896
      nfiles: 2
  model_building:
    cmd: python src/model_building.py
    deps:
    - path: data/porcessed
      hash: md5
      md5: 91f837fe9f1f8e88822e8dc4d1cddff9.dir
      size: 13160896
      nfiles: 2
    - path: src/model_building.py
      hash: md5
      md5: 38587ebc1a1b87f78a3723befa565766
      size: 4100
    params:
      params.yaml:
        model_building.n_estimators: 45
        model_building.random_state: 12
    outs:
    - path: models/model.pkl
      hash: md5
      md5: 1fe1a288040dd10fc0b62bbb2a01c467
      size: 71951472
  model_evaluation:
    cmd: python src/model_evaluation.py
    deps:
    - path: models/model.pkl
      hash: md5
      md5: 1fe1a288040dd10fc0b62bbb2a01c467
      size: 71951472
    - path: src/model_evaluation.py
      hash: md5
      md5: fa10b2ceaf09989182804af32698b42c
      size: 3870
    outs:
    - path: reports/metrics.json
      hash: md5
      md5: 7b2d6ba5d7af63736d65c662aadbc2bc
      size: 1581
